
Microsoft Visual Studio Solution File, Format Version 10.00
# Visual Basic Express 2008
Project("{F184B08F-C81C-45F6-A57F-5ABD9991F28F}") = "rc4", "rc4\rc4.vbproj", "{6FFE909B-89AA-4DC2-BB34-5CEB268E5D03}"
EndProject
Global
	GlobalSection(SolutionConfigurationPlatforms) = preSolution
		Debug|Any CPU = Debug|Any CPU
		Release|Any CPU = Release|Any CPU
	EndGlobalSection
	GlobalSection(ProjectConfigurationPlatforms) = postSolution
		{6FFE909B-89AA-4DC2-BB34-5CEB268E5D03}.Debug|Any CPU.ActiveCfg = Debug|Any CPU
		{6FFE909B-89AA-4DC2-BB34-5CEB268E5D03}.Debug|Any CPU.Build.0 = Debug|Any CPU
		{6FFE909B-89AA-4DC2-BB34-5CEB268E5D03}.Release|Any CPU.ActiveCfg = Release|Any CPU
		{6FFE909B-89AA-4DC2-BB34-5CEB268E5D03}.Release|Any CPU.Build.0 = Release|Any CPU
	EndGlobalSection
	GlobalSection(SolutionProperties) = preSolution
		HideSolutionNode = FALSE
	EndGlobalSection
EndGlobal
