
Microsoft Visual Studio Solution File, Format Version 10.00
# Visual Studio 2008
Project("{F184B08F-C81C-45F6-A57F-5ABD9991F28F}") = "Nathan's Binder", "Nathan's Binder\Nathan's Binder.vbproj", "{37870C5B-4490-41B2-A700-23655A4FC58A}"
EndProject
Global
	GlobalSection(SolutionConfigurationPlatforms) = preSolution
		Debug|Any CPU = Debug|Any CPU
		Release|Any CPU = Release|Any CPU
	EndGlobalSection
	GlobalSection(ProjectConfigurationPlatforms) = postSolution
		{37870C5B-4490-41B2-A700-23655A4FC58A}.Debug|Any CPU.ActiveCfg = Debug|Any CPU
		{37870C5B-4490-41B2-A700-23655A4FC58A}.Debug|Any CPU.Build.0 = Debug|Any CPU
		{37870C5B-4490-41B2-A700-23655A4FC58A}.Release|Any CPU.ActiveCfg = Release|Any CPU
		{37870C5B-4490-41B2-A700-23655A4FC58A}.Release|Any CPU.Build.0 = Release|Any CPU
	EndGlobalSection
	GlobalSection(SolutionProperties) = preSolution
		HideSolutionNode = FALSE
	EndGlobalSection
EndGlobal
