
Microsoft Visual Studio Solution File, Format Version 10.00
# Visual Basic Express 2008
Project("{F184B08F-C81C-45F6-A57F-5ABD9991F28F}") = "License", "License.vbproj", "{19F7CCF6-3B91-4BC8-AB7F-0CEA4CC023EE}"
EndProject
Global
	GlobalSection(SolutionConfigurationPlatforms) = preSolution
		Debug|Any CPU = Debug|Any CPU
		Release|Any CPU = Release|Any CPU
	EndGlobalSection
	GlobalSection(ProjectConfigurationPlatforms) = postSolution
		{19F7CCF6-3B91-4BC8-AB7F-0CEA4CC023EE}.Debug|Any CPU.ActiveCfg = Debug|Any CPU
		{19F7CCF6-3B91-4BC8-AB7F-0CEA4CC023EE}.Debug|Any CPU.Build.0 = Debug|Any CPU
		{19F7CCF6-3B91-4BC8-AB7F-0CEA4CC023EE}.Release|Any CPU.ActiveCfg = Release|Any CPU
		{19F7CCF6-3B91-4BC8-AB7F-0CEA4CC023EE}.Release|Any CPU.Build.0 = Release|Any CPU
	EndGlobalSection
	GlobalSection(SolutionProperties) = preSolution
		HideSolutionNode = FALSE
	EndGlobalSection
EndGlobal
