
Microsoft Visual Studio Solution File, Format Version 10.00
# Visual Studio 2008
Project("{F184B08F-C81C-45F6-A57F-5ABD9991F28F}") = "save settings", "save settings\save settings.vbproj", "{659AB0AF-6702-41D9-B9FD-716982CA5F7B}"
EndProject
Global
	GlobalSection(SolutionConfigurationPlatforms) = preSolution
		Debug|Any CPU = Debug|Any CPU
		Release|Any CPU = Release|Any CPU
	EndGlobalSection
	GlobalSection(ProjectConfigurationPlatforms) = postSolution
		{659AB0AF-6702-41D9-B9FD-716982CA5F7B}.Debug|Any CPU.ActiveCfg = Debug|Any CPU
		{659AB0AF-6702-41D9-B9FD-716982CA5F7B}.Debug|Any CPU.Build.0 = Debug|Any CPU
		{659AB0AF-6702-41D9-B9FD-716982CA5F7B}.Release|Any CPU.ActiveCfg = Release|Any CPU
		{659AB0AF-6702-41D9-B9FD-716982CA5F7B}.Release|Any CPU.Build.0 = Release|Any CPU
	EndGlobalSection
	GlobalSection(SolutionProperties) = preSolution
		HideSolutionNode = FALSE
	EndGlobalSection
EndGlobal
