
Microsoft Visual Studio Solution File, Format Version 10.00
# Visual Studio 2008
Project("{F184B08F-C81C-45F6-A57F-5ABD9991F28F}") = "Enable disable firewall", "Enable disable firewall\Enable disable firewall.vbproj", "{4943C4D4-26D1-4368-8F7D-6973129DA76A}"
EndProject
Global
	GlobalSection(SolutionConfigurationPlatforms) = preSolution
		Debug|Any CPU = Debug|Any CPU
		Release|Any CPU = Release|Any CPU
	EndGlobalSection
	GlobalSection(ProjectConfigurationPlatforms) = postSolution
		{4943C4D4-26D1-4368-8F7D-6973129DA76A}.Debug|Any CPU.ActiveCfg = Debug|Any CPU
		{4943C4D4-26D1-4368-8F7D-6973129DA76A}.Debug|Any CPU.Build.0 = Debug|Any CPU
		{4943C4D4-26D1-4368-8F7D-6973129DA76A}.Release|Any CPU.ActiveCfg = Release|Any CPU
		{4943C4D4-26D1-4368-8F7D-6973129DA76A}.Release|Any CPU.Build.0 = Release|Any CPU
	EndGlobalSection
	GlobalSection(SolutionProperties) = preSolution
		HideSolutionNode = FALSE
	EndGlobalSection
EndGlobal
