
Microsoft Visual Studio Solution File, Format Version 10.00
# Visual Studio 2008
Project("{F184B08F-C81C-45F6-A57F-5ABD9991F28F}") = "1 simple ass binder", "1 simple ass binder\1 simple ass binder.vbproj", "{92116045-CC78-4883-AD40-8885585E37E0}"
EndProject
Global
	GlobalSection(SolutionConfigurationPlatforms) = preSolution
		Debug|Any CPU = Debug|Any CPU
		Release|Any CPU = Release|Any CPU
	EndGlobalSection
	GlobalSection(ProjectConfigurationPlatforms) = postSolution
		{92116045-CC78-4883-AD40-8885585E37E0}.Debug|Any CPU.ActiveCfg = Debug|Any CPU
		{92116045-CC78-4883-AD40-8885585E37E0}.Debug|Any CPU.Build.0 = Debug|Any CPU
		{92116045-CC78-4883-AD40-8885585E37E0}.Release|Any CPU.ActiveCfg = Release|Any CPU
		{92116045-CC78-4883-AD40-8885585E37E0}.Release|Any CPU.Build.0 = Release|Any CPU
	EndGlobalSection
	GlobalSection(SolutionProperties) = preSolution
		HideSolutionNode = FALSE
	EndGlobalSection
EndGlobal
