
Microsoft Visual Studio Solution File, Format Version 11.00
# Visual Basic Express 2010
Project("{F184B08F-C81C-45F6-A57F-5ABD9991F28F}") = "Email smoker", "Email smoker\Email smoker.vbproj", "{DFE7A4D1-F00A-414C-B57B-51178DF98103}"
EndProject
Global
	GlobalSection(SolutionConfigurationPlatforms) = preSolution
		Debug|Any CPU = Debug|Any CPU
		Release|Any CPU = Release|Any CPU
	EndGlobalSection
	GlobalSection(ProjectConfigurationPlatforms) = postSolution
		{DFE7A4D1-F00A-414C-B57B-51178DF98103}.Debug|Any CPU.ActiveCfg = Debug|Any CPU
		{DFE7A4D1-F00A-414C-B57B-51178DF98103}.Debug|Any CPU.Build.0 = Debug|Any CPU
		{DFE7A4D1-F00A-414C-B57B-51178DF98103}.Release|Any CPU.ActiveCfg = Release|Any CPU
		{DFE7A4D1-F00A-414C-B57B-51178DF98103}.Release|Any CPU.Build.0 = Release|Any CPU
	EndGlobalSection
	GlobalSection(SolutionProperties) = preSolution
		HideSolutionNode = FALSE
	EndGlobalSection
EndGlobal
