
Microsoft Visual Studio Solution File, Format Version 12.00
# Visual Studio Express 2012 for Windows Desktop
Project("{F184B08F-C81C-45F6-A57F-5ABD9991F28F}") = "Branding", "Branding\Branding.vbproj", "{8B9F6128-69DA-4F49-92D5-C8CCEAED0ACD}"
EndProject
Project("{F184B08F-C81C-45F6-A57F-5ABD9991F28F}") = "RATDownload", "RATDownload\RATDownload.vbproj", "{79B74BBE-2906-466E-940C-684D6C7484B9}"
EndProject
Global
	GlobalSection(SolutionConfigurationPlatforms) = preSolution
		Debug|Any CPU = Debug|Any CPU
		Release|Any CPU = Release|Any CPU
	EndGlobalSection
	GlobalSection(ProjectConfigurationPlatforms) = postSolution
		{8B9F6128-69DA-4F49-92D5-C8CCEAED0ACD}.Debug|Any CPU.ActiveCfg = Debug|Any CPU
		{8B9F6128-69DA-4F49-92D5-C8CCEAED0ACD}.Debug|Any CPU.Build.0 = Debug|Any CPU
		{8B9F6128-69DA-4F49-92D5-C8CCEAED0ACD}.Release|Any CPU.ActiveCfg = Release|Any CPU
		{8B9F6128-69DA-4F49-92D5-C8CCEAED0ACD}.Release|Any CPU.Build.0 = Release|Any CPU
		{79B74BBE-2906-466E-940C-684D6C7484B9}.Debug|Any CPU.ActiveCfg = Debug|Any CPU
		{79B74BBE-2906-466E-940C-684D6C7484B9}.Debug|Any CPU.Build.0 = Debug|Any CPU
		{79B74BBE-2906-466E-940C-684D6C7484B9}.Release|Any CPU.ActiveCfg = Release|Any CPU
		{79B74BBE-2906-466E-940C-684D6C7484B9}.Release|Any CPU.Build.0 = Release|Any CPU
	EndGlobalSection
	GlobalSection(SolutionProperties) = preSolution
		HideSolutionNode = FALSE
	EndGlobalSection
EndGlobal
