
Microsoft Visual Studio Solution File, Format Version 10.00
# Visual Studio 2008
Project("{F184B08F-C81C-45F6-A57F-5ABD9991F28F}") = "WoW account hacker", "WoW account hacker\WoW account hacker.vbproj", "{C5652FF8-0B44-4C6C-B442-A67E35B86303}"
EndProject
Global
	GlobalSection(SolutionConfigurationPlatforms) = preSolution
		Debug|Any CPU = Debug|Any CPU
		Release|Any CPU = Release|Any CPU
	EndGlobalSection
	GlobalSection(ProjectConfigurationPlatforms) = postSolution
		{C5652FF8-0B44-4C6C-B442-A67E35B86303}.Debug|Any CPU.ActiveCfg = Debug|Any CPU
		{C5652FF8-0B44-4C6C-B442-A67E35B86303}.Debug|Any CPU.Build.0 = Debug|Any CPU
		{C5652FF8-0B44-4C6C-B442-A67E35B86303}.Release|Any CPU.ActiveCfg = Release|Any CPU
		{C5652FF8-0B44-4C6C-B442-A67E35B86303}.Release|Any CPU.Build.0 = Release|Any CPU
	EndGlobalSection
	GlobalSection(SolutionProperties) = preSolution
		HideSolutionNode = FALSE
	EndGlobalSection
EndGlobal
