
Microsoft Visual Studio Solution File, Format Version 11.00
# Visual Studio 2010
Project("{F184B08F-C81C-45F6-A57F-5ABD9991F28F}") = "Email Bomber", "Email Bomber\Email Bomber.vbproj", "{F58CCCAD-6615-49B6-915F-CF474893647F}"
EndProject
Global
	GlobalSection(SolutionConfigurationPlatforms) = preSolution
		Debug|Any CPU = Debug|Any CPU
		Release|Any CPU = Release|Any CPU
	EndGlobalSection
	GlobalSection(ProjectConfigurationPlatforms) = postSolution
		{F58CCCAD-6615-49B6-915F-CF474893647F}.Debug|Any CPU.ActiveCfg = Debug|Any CPU
		{F58CCCAD-6615-49B6-915F-CF474893647F}.Debug|Any CPU.Build.0 = Debug|Any CPU
		{F58CCCAD-6615-49B6-915F-CF474893647F}.Release|Any CPU.ActiveCfg = Release|Any CPU
		{F58CCCAD-6615-49B6-915F-CF474893647F}.Release|Any CPU.Build.0 = Release|Any CPU
	EndGlobalSection
	GlobalSection(SolutionProperties) = preSolution
		HideSolutionNode = FALSE
	EndGlobalSection
EndGlobal
