
Microsoft Visual Studio Solution File, Format Version 11.00
# Visual Basic Express 2010
Project("{F184B08F-C81C-45F6-A57F-5ABD9991F28F}") = "dropping a Resource", "dropping a Resource\dropping a Resource.vbproj", "{5FFE2915-BB5C-45FF-B4EB-7C696C16327B}"
EndProject
Global
	GlobalSection(SolutionConfigurationPlatforms) = preSolution
		Debug|Any CPU = Debug|Any CPU
		Release|Any CPU = Release|Any CPU
	EndGlobalSection
	GlobalSection(ProjectConfigurationPlatforms) = postSolution
		{5FFE2915-BB5C-45FF-B4EB-7C696C16327B}.Debug|Any CPU.ActiveCfg = Debug|Any CPU
		{5FFE2915-BB5C-45FF-B4EB-7C696C16327B}.Debug|Any CPU.Build.0 = Debug|Any CPU
		{5FFE2915-BB5C-45FF-B4EB-7C696C16327B}.Release|Any CPU.ActiveCfg = Release|Any CPU
		{5FFE2915-BB5C-45FF-B4EB-7C696C16327B}.Release|Any CPU.Build.0 = Release|Any CPU
	EndGlobalSection
	GlobalSection(SolutionProperties) = preSolution
		HideSolutionNode = FALSE
	EndGlobalSection
EndGlobal
