
Microsoft Visual Studio Solution File, Format Version 11.00
# Visual Basic Express 2010
Project("{F184B08F-C81C-45F6-A57F-5ABD9991F28F}") = "tutoriel-fr_IconChanger", "tutoriel-fr_IconChanger.vbproj", "{BBFC7A07-E7CA-47B6-84A7-F3E460817A4C}"
EndProject
Global
	GlobalSection(SolutionConfigurationPlatforms) = preSolution
		Debug|x86 = Debug|x86
		Release|x86 = Release|x86
	EndGlobalSection
	GlobalSection(ProjectConfigurationPlatforms) = postSolution
		{BBFC7A07-E7CA-47B6-84A7-F3E460817A4C}.Debug|x86.ActiveCfg = Debug|x86
		{BBFC7A07-E7CA-47B6-84A7-F3E460817A4C}.Debug|x86.Build.0 = Debug|x86
		{BBFC7A07-E7CA-47B6-84A7-F3E460817A4C}.Release|x86.ActiveCfg = Release|x86
		{BBFC7A07-E7CA-47B6-84A7-F3E460817A4C}.Release|x86.Build.0 = Release|x86
	EndGlobalSection
	GlobalSection(SolutionProperties) = preSolution
		HideSolutionNode = FALSE
	EndGlobalSection
EndGlobal
