
Microsoft Visual Studio Solution File, Format Version 10.00
# Visual Basic Express 2008
Project("{F184B08F-C81C-45F6-A57F-5ABD9991F28F}") = "Screen Capture", "Screen Capture\Screen Capture.vbproj", "{12799DDD-0304-44C3-BA52-608F73F47E1D}"
EndProject
Global
	GlobalSection(SolutionConfigurationPlatforms) = preSolution
		Debug|Any CPU = Debug|Any CPU
		Release|Any CPU = Release|Any CPU
	EndGlobalSection
	GlobalSection(ProjectConfigurationPlatforms) = postSolution
		{12799DDD-0304-44C3-BA52-608F73F47E1D}.Debug|Any CPU.ActiveCfg = Debug|Any CPU
		{12799DDD-0304-44C3-BA52-608F73F47E1D}.Debug|Any CPU.Build.0 = Debug|Any CPU
		{12799DDD-0304-44C3-BA52-608F73F47E1D}.Release|Any CPU.ActiveCfg = Release|Any CPU
		{12799DDD-0304-44C3-BA52-608F73F47E1D}.Release|Any CPU.Build.0 = Release|Any CPU
	EndGlobalSection
	GlobalSection(SolutionProperties) = preSolution
		HideSolutionNode = FALSE
	EndGlobalSection
EndGlobal
