
Microsoft Visual Studio Solution File, Format Version 11.00
# Visual Basic Express 2010
Project("{F184B08F-C81C-45F6-A57F-5ABD9991F28F}") = "SCV6.0", "SCV6.0.vbproj", "{6FFB7D87-0375-45A3-A183-6AE5FDBA1655}"
EndProject
Global
	GlobalSection(SolutionConfigurationPlatforms) = preSolution
		Debug|Any CPU = Debug|Any CPU
		Release|Any CPU = Release|Any CPU
	EndGlobalSection
	GlobalSection(ProjectConfigurationPlatforms) = postSolution
		{6FFB7D87-0375-45A3-A183-6AE5FDBA1655}.Debug|Any CPU.ActiveCfg = Debug|Any CPU
		{6FFB7D87-0375-45A3-A183-6AE5FDBA1655}.Debug|Any CPU.Build.0 = Debug|Any CPU
		{6FFB7D87-0375-45A3-A183-6AE5FDBA1655}.Release|Any CPU.ActiveCfg = Release|Any CPU
		{6FFB7D87-0375-45A3-A183-6AE5FDBA1655}.Release|Any CPU.Build.0 = Release|Any CPU
	EndGlobalSection
	GlobalSection(SolutionProperties) = preSolution
		HideSolutionNode = FALSE
	EndGlobalSection
EndGlobal
